PODS:
  - Realm (3.13.1):
    - Realm/Headers (= 3.13.1)
  - Realm/Headers (3.13.1)
  - RealmSwift (3.13.1):
    - Realm (= 3.13.1)
  - Spring (1.0.5)
  - Toucan (1.1.0)

DEPENDENCIES:
  - RealmSwift
  - Spring (~> 1.0.5)
  - Toucan

SPEC REPOS:
  https://github.com/cocoapods/specs.git:
    - Realm
    - RealmSwift
    - Spring
    - Toucan

SPEC CHECKSUMS:
  Realm: 50071da38fe079e0735e47c9f2eae738c68c5996
  RealmSwift: 8a1e6a02b7a08cd17a31e3115143fb69fe5f3fb9
  Spring: 17901566c8ecf3a1327902b940406c64512f9bb1
  Toucan: 8f228fabb21521b9658692df9325fe76e71d74b2

PODFILE CHECKSUM: 99ef4072bce4e9e6c2b8e926672631dfaa78a91b

COCOAPODS: 1.5.3
